
Microsoft Visual Studio Solution File, Format Version 12.00
# Visual Studio Version 17
VisualStudioVersion = 17.9.34728.123
MinimumVisualStudioVersion = 10.0.40219.1
Project("{FAE04EC0-301F-11D3-BF4B-00C04F79EFBC}") = "GeneralStore", "GeneralStore\GeneralStore.csproj", "{E9EA7AC0-FD8B-43B0-9205-8634FA3A705E}"
EndProject
Global
	GlobalSection(SolutionConfigurationPlatforms) = preSolution
		Debug|Any CPU = Debug|Any CPU
		Release|Any CPU = Release|Any CPU
	EndGlobalSection
	GlobalSection(ProjectConfigurationPlatforms) = postSolution
		{E9EA7AC0-FD8B-43B0-9205-8634FA3A705E}.Debug|Any CPU.ActiveCfg = Debug|Any CPU
		{E9EA7AC0-FD8B-43B0-9205-8634FA3A705E}.Debug|Any CPU.Build.0 = Debug|Any CPU
		{E9EA7AC0-FD8B-43B0-9205-8634FA3A705E}.Release|Any CPU.ActiveCfg = Release|Any CPU
		{E9EA7AC0-FD8B-43B0-9205-8634FA3A705E}.Release|Any CPU.Build.0 = Release|Any CPU
	EndGlobalSection
	GlobalSection(SolutionProperties) = preSolution
		HideSolutionNode = FALSE
	EndGlobalSection
	GlobalSection(ExtensibilityGlobals) = postSolution
		SolutionGuid = {A78DDEA2-6E90-406A-8399-546588ACA1C7}
	EndGlobalSection
EndGlobal
